{
  "lockfile_version": "1",
  "packages": {
    "awscli2@latest": {
      "last_modified": "2026-06-27T07:37:20Z",
      "resolved": "github:NixOS/nixpkgs/3d46470bb3030020f7e1361f33514854f5bfa86d#awscli2",
      "source": "devbox-search",
      "version": "2.34.24",
      "systems": {
        "aarch64-darwin": {
          "outputs": [
            {
              "name": "out",
              "path": "/nix/store/0z3q4rb9blawx45dq30g7d99601bq193-awscli2-2.34.24",
              "default": true
            },
            {
              "name": "dist",
              "path": "/nix/store/lr0fx8nygh39gilk9sxnnp2lsz44sg6y-awscli2-2.34.24-dist"
            }
          ],
          "store_path": "/nix/store/0z3q4rb9blawx45dq30g7d99601bq193-awscli2-2.34.24"
        },
        "aarch64-linux": {
          "outputs": [
            {
              "name": "out",
              "path": "/nix/store/9xiksv1xwy6p1ajp5gskzcvp9ab2lw0z-awscli2-2.34.24",
              "default": true
            },
            {
              "name": "dist",
              "path": "/nix/store/nxy2p1xv7s9qmfm88gb5yqixvrm2ldix-awscli2-2.34.24-dist"
            }
          ],
          "store_path": "/nix/store/9xiksv1xwy6p1ajp5gskzcvp9ab2lw0z-awscli2-2.34.24"
        },
        "x86_64-darwin": {
          "outputs": [
            {
              "name": "out",
              "path": "/nix/store/s24i1bj3l4xx8vm2gym7fypskjljp2mn-awscli2-2.34.24",
              "default": true
            },
            {
              "name": "dist",
              "path": "/nix/store/1a995djpcs9wknjw260qq0qwv2y338gs-awscli2-2.34.24-dist"
            }
          ],
          "store_path": "/nix/store/s24i1bj3l4xx8vm2gym7fypskjljp2mn-awscli2-2.34.24"
        },
        "x86_64-linux": {
          "outputs": [
            {
              "name": "out",
              "path": "/nix/store/v1y1s4486c7hbvkgi1mwc72gczzfcz7x-awscli2-2.34.24",
              "default": true
            },
            {
              "name": "dist",
              "path": "/nix/store/zrrfcqlc0zx60v790d576py2xc2f57jw-awscli2-2.34.24-dist"
            }
          ],
          "store_path": "/nix/store/v1y1s4486c7hbvkgi1mwc72gczzfcz7x-awscli2-2.34.24"
        }
      }
    },
    "bash@latest": {
      "last_modified": "2026-07-05T01:29:37Z",
      "resolved": "github:NixOS/nixpkgs/6edbf1a6a03e75886a6609c088801a0856449e88#bash",
      "source": "devbox-search",
      "version": "5.3p9",
      "systems": {
        "aarch64-darwin": {
          "outputs": [
            {
              "name": "out",
              "path": "/nix/store/72yw9glj9rk3xwymwwp965869gn6k3dz-bash-interactive-5.3p9",
              "default": true
            },
            {
              "name": "man",
              "path": "/nix/store/cb26fjmxq6rhrqvk9h9qyrll5bvzm9w2-bash-interactive-5.3p9-man",
              "default": true
            },
            {
              "name": "dev",
              "path": "/nix/store/zjz2idnk0472n1b3ccwdvxav6r5jyhyh-bash-interactive-5.3p9-dev"
            },
            {
              "name": "doc",
              "path": "/nix/store/2si7fhkqf78zm30l8drk7klf23zy264i-bash-interactive-5.3p9-doc"
            },
            {
              "name": "info",
              "path": "/nix/store/acs5a2mkvf43ch1ki7x35k912mwswz64-bash-interactive-5.3p9-info"
            }
          ],
          "store_path": "/nix/store/72yw9glj9rk3xwymwwp965869gn6k3dz-bash-interactive-5.3p9"
        },
        "aarch64-linux": {
          "outputs": [
            {
              "name": "out",
              "path": "/nix/store/q1nq6fylbczrsj7k9bqc9dzf660q63v3-bash-interactive-5.3p9",
              "default": true
            },
            {
              "name": "man",
              "path": "/nix/store/yr5kcgw6l49b2n00s5mswg4nbr1pky02-bash-interactive-5.3p9-man",
              "default": true
            },
            {
              "name": "debug",
              "path": "/nix/store/xs5q4qamsvs2zljk8nghpancz4dm2wc2-bash-interactive-5.3p9-debug"
            },
            {
              "name": "dev",
              "path": "/nix/store/w1hz8hiqma3iv3khyvxbmcnjspm1m064-bash-interactive-5.3p9-dev"
            },
            {
              "name": "doc",
              "path": "/nix/store/rwpc8la3r9k3i4w0vl8mdfvcknaw83b7-bash-interactive-5.3p9-doc"
            },
            {
              "name": "info",
              "path": "/nix/store/s3l63ni9jpglca0b1cd2hrk1a2q4y8v1-bash-interactive-5.3p9-info"
            }
          ],
          "store_path": "/nix/store/q1nq6fylbczrsj7k9bqc9dzf660q63v3-bash-interactive-5.3p9"
        },
        "x86_64-darwin": {
          "outputs": [
            {
              "name": "out",
              "path": "/nix/store/9a17cl5bfjsv3k8nk5flvw3cpb0wj475-bash-interactive-5.3p9",
              "default": true
            },
            {
              "name": "man",
              "path": "/nix/store/iaczqmz4gcbbrfkis26vccki5ikfmq5f-bash-interactive-5.3p9-man",
              "default": true
            },
            {
              "name": "dev",
              "path": "/nix/store/wgr49gwvsndc3sxixqx2l6zzs4vsy491-bash-interactive-5.3p9-dev"
            },
            {
              "name": "doc",
              "path": "/nix/store/g0sfzlvvzcc0zggisi0cyrl85ss73rsi-bash-interactive-5.3p9-doc"
            },
            {
              "name": "info",
              "path": "/nix/store/2rz7yhyblhd493hyav8awfr4rjgrf2sq-bash-interactive-5.3p9-info"
            }
          ],
          "store_path": "/nix/store/9a17cl5bfjsv3k8nk5flvw3cpb0wj475-bash-interactive-5.3p9"
        },
        "x86_64-linux": {
          "outputs": [
            {
              "name": "out",
              "path": "/nix/store/0641h8qfqaxnwrsw2nzrz6i1wbzyx92l-bash-interactive-5.3p9",
              "default": true
            },
            {
              "name": "man",
              "path": "/nix/store/b67fr4nba948zxxpmdsnzqr06l9fnnag-bash-interactive-5.3p9-man",
              "default": true
            },
            {
              "name": "dev",
              "path": "/nix/store/44fi33grmrbkp2h80a31mqj5lqd3qfwp-bash-interactive-5.3p9-dev"
            },
            {
              "name": "doc",
              "path": "/nix/store/5j2akpmlk107gzdqkms35r3nwhkwnibh-bash-interactive-5.3p9-doc"
            },
            {
              "name": "info",
              "path": "/nix/store/pspjmjsphdkjsi20gpxh2p1aq6p73n1c-bash-interactive-5.3p9-info"
            },
            {
              "name": "debug",
              "path": "/nix/store/l76krav3w28kmd2b00lb687i1ykswvp0-bash-interactive-5.3p9-debug"
            }
          ],
          "store_path": "/nix/store/0641h8qfqaxnwrsw2nzrz6i1wbzyx92l-bash-interactive-5.3p9"
        }
      }
    },
    "git@latest": {
      "last_modified": "2026-06-27T07:37:20Z",
      "resolved": "github:NixOS/nixpkgs/3d46470bb3030020f7e1361f33514854f5bfa86d#git",
      "source": "devbox-search",
      "version": "2.54.0",
      "systems": {
        "aarch64-darwin": {
          "outputs": [
            {
              "name": "out",
              "path": "/nix/store/7p841rdaha0pj23srg7lrwpnlaxyr7gr-git-2.54.0",
              "default": true
            },
            {
              "name": "doc",
              "path": "/nix/store/53n75imxnfbr1nbkll4djg98r9vg1lyw-git-2.54.0-doc"
            }
          ],
          "store_path": "/nix/store/7p841rdaha0pj23srg7lrwpnlaxyr7gr-git-2.54.0"
        },
        "aarch64-linux": {
          "outputs": [
            {
              "name": "out",
              "path": "/nix/store/j76bc0jffq323b6kvrckky5152h0pfdk-git-2.54.0",
              "default": true
            },
            {
              "name": "debug",
              "path": "/nix/store/hi8y2a7kxz94pmnfh3k2gp2mzr57xmqd-git-2.54.0-debug"
            },
            {
              "name": "doc",
              "path": "/nix/store/ms4bxp0svz53yzxqwfzp5lwp22v11m7d-git-2.54.0-doc"
            }
          ],
          "store_path": "/nix/store/j76bc0jffq323b6kvrckky5152h0pfdk-git-2.54.0"
        },
        "x86_64-darwin": {
          "outputs": [
            {
              "name": "out",
              "path": "/nix/store/x671lak90qvcxgc5irp4xv5zdbaym2yr-git-2.54.0",
              "default": true
            },
            {
              "name": "doc",
              "path": "/nix/store/zakmjh312hmg2yslsyqmnw8lb8dgmyyk-git-2.54.0-doc"
            }
          ],
          "store_path": "/nix/store/x671lak90qvcxgc5irp4xv5zdbaym2yr-git-2.54.0"
        },
        "x86_64-linux": {
          "outputs": [
            {
              "name": "out",
              "path": "/nix/store/k3wl6cg7q50zkx47af3msmg1yrg1f203-git-2.54.0",
              "default": true
            },
            {
              "name": "doc",
              "path": "/nix/store/9a0f1mfx8n1b8y64qx9999pq70j48ms6-git-2.54.0-doc"
            },
            {
              "name": "debug",
              "path": "/nix/store/7bjwn43x9gcaf249d8l651083ri033dy-git-2.54.0-debug"
            }
          ],
          "store_path": "/nix/store/k3wl6cg7q50zkx47af3msmg1yrg1f203-git-2.54.0"
        }
      }
    },
    "github:NixOS/nixpkgs/nixpkgs-unstable": {
      "last_modified": "2026-07-13T04:04:42Z",
      "resolved": "github:NixOS/nixpkgs/6cdc7fc76e8bf7fde9fa43a849fcaaa70e230dee?lastModified=1783915482"
    },
    "mysql84@latest": {
      "last_modified": "2026-07-05T19:27:47Z",
      "plugin_version": "0.0.5",
      "resolved": "github:NixOS/nixpkgs/f205b5574fd0cb7da5b702a2da51507b7f4fdd1b#mysql84",
      "source": "devbox-search",
      "version": "8.4.10",
      "systems": {
        "aarch64-darwin": {
          "outputs": [
            {
              "name": "out",
              "path": "/nix/store/6wwixdcpkpilm7r9w2rykpwi0d47jllw-mysql-8.4.10",
              "default": true
            },
            {
              "name": "static",
              "path": "/nix/store/kk65d5ay36qfzcmc2zapw5dw4rabx9pc-mysql-8.4.10-static"
            }
          ],
          "store_path": "/nix/store/6wwixdcpkpilm7r9w2rykpwi0d47jllw-mysql-8.4.10"
        },
        "aarch64-linux": {
          "outputs": [
            {
              "name": "out",
              "path": "/nix/store/y5i67q2m4xb498w3pyzmpp6fq5nx4ka7-mysql-8.4.10",
              "default": true
            },
            {
              "name": "static",
              "path": "/nix/store/1999szrkfjrqy0k4383lz6923nqvj9h7-mysql-8.4.10-static"
            }
          ],
          "store_path": "/nix/store/y5i67q2m4xb498w3pyzmpp6fq5nx4ka7-mysql-8.4.10"
        },
        "x86_64-darwin": {
          "outputs": [
            {
              "name": "out",
              "path": "/nix/store/yp1w5hsc0hg4n36mg27s0b8ayc8bqk59-mysql-8.4.10",
              "default": true
            },
            {
              "name": "static",
              "path": "/nix/store/p8p7ydpl07s1xwwzwycqh20wy600dzl7-mysql-8.4.10-static"
            }
          ],
          "store_path": "/nix/store/yp1w5hsc0hg4n36mg27s0b8ayc8bqk59-mysql-8.4.10"
        },
        "x86_64-linux": {
          "outputs": [
            {
              "name": "out",
              "path": "/nix/store/8yqh7xny05lbbcms2j84phhd679rajib-mysql-8.4.10",
              "default": true
            },
            {
              "name": "static",
              "path": "/nix/store/1b6k0zr4giq2j5ac8zmnf1vrb9ls20n6-mysql-8.4.10-static"
            }
          ],
          "store_path": "/nix/store/8yqh7xny05lbbcms2j84phhd679rajib-mysql-8.4.10"
        }
      }
    },
    "nodejs@22": {
      "last_modified": "2026-06-27T07:37:20Z",
      "plugin_version": "0.0.4",
      "resolved": "github:NixOS/nixpkgs/3d46470bb3030020f7e1361f33514854f5bfa86d#nodejs_22",
      "source": "devbox-search",
      "version": "22.23.1",
      "systems": {
        "aarch64-darwin": {
          "outputs": [
            {
              "name": "out",
              "path": "/nix/store/smz0kkakhq96h1ipimiab6cf1yw4nn7n-nodejs-22.23.1",
              "default": true
            }
          ],
          "store_path": "/nix/store/smz0kkakhq96h1ipimiab6cf1yw4nn7n-nodejs-22.23.1"
        },
        "aarch64-linux": {
          "outputs": [
            {
              "name": "out",
              "path": "/nix/store/26r12fb2ywx1q5f9paf1sjibsajz1q99-nodejs-22.23.1",
              "default": true
            }
          ],
          "store_path": "/nix/store/26r12fb2ywx1q5f9paf1sjibsajz1q99-nodejs-22.23.1"
        },
        "x86_64-darwin": {
          "outputs": [
            {
              "name": "out",
              "path": "/nix/store/l1yfdvdrz1vl6f3wsyjglxgsk6r29rkn-nodejs-22.23.1",
              "default": true
            }
          ],
          "store_path": "/nix/store/l1yfdvdrz1vl6f3wsyjglxgsk6r29rkn-nodejs-22.23.1"
        },
        "x86_64-linux": {
          "outputs": [
            {
              "name": "out",
              "path": "/nix/store/znxrv89969njb8fxyyn8rz4ygmmcjpw9-nodejs-22.23.1",
              "default": true
            }
          ],
          "store_path": "/nix/store/znxrv89969njb8fxyyn8rz4ygmmcjpw9-nodejs-22.23.1"
        }
      }
    },
    "openssl@latest": {
      "last_modified": "2025-12-05T06:24:47Z",
      "resolved": "github:NixOS/nixpkgs/42e29df35be6ef54091d3a3b4e97056ce0a98ce8#openssl",
      "source": "devbox-search",
      "version": "3.6.0",
      "systems": {
        "aarch64-darwin": {
          "outputs": [
            {
              "name": "bin",
              "path": "/nix/store/z9prisxci5h5lsk3rdknd4jzq7k9q13d-openssl-3.6.0-bin",
              "default": true
            },
            {
              "name": "man",
              "path": "/nix/store/ii9mnzr3i92mgk9dkgg65739mavd0j6f-openssl-3.6.0-man",
              "default": true
            },
            {
              "name": "dev",
              "path": "/nix/store/h0qgqik0mk0wn7rmm2kk3grfi1wzly74-openssl-3.6.0-dev"
            },
            {
              "name": "doc",
              "path": "/nix/store/yx3ip21fdaaxpjn5fbir02mqnaw9cm4f-openssl-3.6.0-doc"
            },
            {
              "name": "out",
              "path": "/nix/store/3z54dgks2mz3dhwddj158sdibll8xmq5-openssl-3.6.0"
            }
          ],
          "store_path": "/nix/store/z9prisxci5h5lsk3rdknd4jzq7k9q13d-openssl-3.6.0-bin"
        },
        "aarch64-linux": {
          "outputs": [
            {
              "name": "bin",
              "path": "/nix/store/wb6q44n9kcb5acmaa4rgqsajadx1fhhl-openssl-3.6.0-bin",
              "default": true
            },
            {
              "name": "man",
              "path": "/nix/store/c9n1alb7ypzjvzd47m16fiwfczz23qs3-openssl-3.6.0-man",
              "default": true
            },
            {
              "name": "debug",
              "path": "/nix/store/ci6d4k1sj4bnr892lsrqqmjiihqsk0bl-openssl-3.6.0-debug"
            },
            {
              "name": "dev",
              "path": "/nix/store/pq8b7fb3282g68pmk14mbyi20qn6chid-openssl-3.6.0-dev"
            },
            {
              "name": "doc",
              "path": "/nix/store/vaplp6w56dyz38986bgkf0pbg3r486b2-openssl-3.6.0-doc"
            },
            {
              "name": "out",
              "path": "/nix/store/nj50gkyx813dxvfmsg1q8m330hmf3h86-openssl-3.6.0"
            }
          ],
          "store_path": "/nix/store/wb6q44n9kcb5acmaa4rgqsajadx1fhhl-openssl-3.6.0-bin"
        },
        "x86_64-darwin": {
          "outputs": [
            {
              "name": "bin",
              "path": "/nix/store/m3xwn9n0jypwjgi256idfzs979g30j29-openssl-3.6.0-bin",
              "default": true
            },
            {
              "name": "man",
              "path": "/nix/store/hw43f3y1vl7ydrd4samnwnrwqqwkpisv-openssl-3.6.0-man",
              "default": true
            },
            {
              "name": "dev",
              "path": "/nix/store/dirjrfjk8jgsbdpslgb51cav6qaxn2vm-openssl-3.6.0-dev"
            },
            {
              "name": "doc",
              "path": "/nix/store/va1zhkz0nfmycvd0h239hi4w40qgaxcx-openssl-3.6.0-doc"
            },
            {
              "name": "out",
              "path": "/nix/store/q9a4wssx24xsy28w8kifdqizc01fh7sc-openssl-3.6.0"
            }
          ],
          "store_path": "/nix/store/m3xwn9n0jypwjgi256idfzs979g30j29-openssl-3.6.0-bin"
        },
        "x86_64-linux": {
          "outputs": [
            {
              "name": "bin",
              "path": "/nix/store/k0gl1zc7f5hk87lylxwbipb0b870bcmk-openssl-3.6.0-bin",
              "default": true
            },
            {
              "name": "man",
              "path": "/nix/store/a9jdl6xq9fc98ykpvqmc9kf0b0j9y8wh-openssl-3.6.0-man",
              "default": true
            },
            {
              "name": "debug",
              "path": "/nix/store/sqv8kbdgfxlr2d6nysr8c2715qpsi6f5-openssl-3.6.0-debug"
            },
            {
              "name": "dev",
              "path": "/nix/store/ydrckgnllgg8nmhdwni81h7xhcpnrlhd-openssl-3.6.0-dev"
            },
            {
              "name": "doc",
              "path": "/nix/store/cgp9ig35iwicfb9spcrgyg2m5dmlcgrv-openssl-3.6.0-doc"
            },
            {
              "name": "out",
              "path": "/nix/store/61i74yjkj9p1qphfl7018ja4sdwkipx0-openssl-3.6.0"
            }
          ],
          "store_path": "/nix/store/k0gl1zc7f5hk87lylxwbipb0b870bcmk-openssl-3.6.0-bin"
        }
      }
    },
    "prisma-engines@latest": {
      "last_modified": "2025-12-13T16:46:16Z",
      "resolved": "github:NixOS/nixpkgs/23735a82a828372c4ef92c660864e82fbe2f5fbe#prisma-engines",
      "source": "devbox-search",
      "version": "6.19.0",
      "systems": {
        "aarch64-darwin": {
          "outputs": [
            {
              "name": "out",
              "path": "/nix/store/2c65w79fbgbzlv57rp3a1p58xp1falsc-prisma-engines-6.19.0",
              "default": true
            }
          ],
          "store_path": "/nix/store/2c65w79fbgbzlv57rp3a1p58xp1falsc-prisma-engines-6.19.0"
        },
        "aarch64-linux": {
          "outputs": [
            {
              "name": "out",
              "path": "/nix/store/4ipv95sbbqlpz9jirwv3g7n4r21b4nm0-prisma-engines-6.19.0",
              "default": true
            }
          ],
          "store_path": "/nix/store/4ipv95sbbqlpz9jirwv3g7n4r21b4nm0-prisma-engines-6.19.0"
        },
        "x86_64-darwin": {
          "outputs": [
            {
              "name": "out",
              "path": "/nix/store/03gn88h8r0wbd2zh4gv5pz5m957jgq7h-prisma-engines-6.19.0",
              "default": true
            }
          ],
          "store_path": "/nix/store/03gn88h8r0wbd2zh4gv5pz5m957jgq7h-prisma-engines-6.19.0"
        },
        "x86_64-linux": {
          "outputs": [
            {
              "name": "out",
              "path": "/nix/store/43ns4admk40qf98hby4wdqrvgq63awhs-prisma-engines-6.19.0",
              "default": true
            }
          ],
          "store_path": "/nix/store/43ns4admk40qf98hby4wdqrvgq63awhs-prisma-engines-6.19.0"
        }
      }
    },
    "python@3.13": {
      "last_modified": "2025-05-16T20:19:48Z",
      "plugin_version": "0.0.5",
      "resolved": "github:NixOS/nixpkgs/12a55407652e04dcf2309436eb06fef0d3713ef3#python313",
      "source": "devbox-search",
      "version": "3.13.3",
      "systems": {
        "aarch64-darwin": {
          "outputs": [
            {
              "name": "out",
              "path": "/nix/store/1a8xg8l3m67hxinxzzcsak9736qm9vsf-python3-3.13.3",
              "default": true
            }
          ],
          "store_path": "/nix/store/1a8xg8l3m67hxinxzzcsak9736qm9vsf-python3-3.13.3"
        },
        "aarch64-linux": {
          "outputs": [
            {
              "name": "out",
              "path": "/nix/store/yy0xvc2rydhrs0h1v8d7r3sql347xzz5-python3-3.13.3",
              "default": true
            },
            {
              "name": "debug",
              "path": "/nix/store/42bxfqfrh8cwspl7szr0cw8739xv8qlq-python3-3.13.3-debug"
            }
          ],
          "store_path": "/nix/store/yy0xvc2rydhrs0h1v8d7r3sql347xzz5-python3-3.13.3"
        },
        "x86_64-darwin": {
          "outputs": [
            {
              "name": "out",
              "path": "/nix/store/gbrigjhghz9v2p0zf9b2fnvs0g0yx7q4-python3-3.13.3",
              "default": true
            }
          ],
          "store_path": "/nix/store/gbrigjhghz9v2p0zf9b2fnvs0g0yx7q4-python3-3.13.3"
        },
        "x86_64-linux": {
          "outputs": [
            {
              "name": "out",
              "path": "/nix/store/2mab9iiwhcqwk75qwvp3zv0bvbiaq6cs-python3-3.13.3",
              "default": true
            },
            {
              "name": "debug",
              "path": "/nix/store/9z6k8ijl2md0y2n95yprbjj4vxbfsi15-python3-3.13.3-debug"
            }
          ],
          "store_path": "/nix/store/2mab9iiwhcqwk75qwvp3zv0bvbiaq6cs-python3-3.13.3"
        }
      }
    }
  }
}
